
Microsoft Visual Studio Solution File, Format Version 12.00
# Visual Studio Version 16
VisualStudioVersion = 16.0.29503.13
MinimumVisualStudioVersion = 10.0.40219.1
Project("{FAE04EC0-301F-11D3-BF4B-00C04F79EFBC}") = "Sets", "Sets\Sets.csproj", "{B992626C-7BA1-4B03-B4CD-63D073434108}"
EndProject
Global
	GlobalSection(SolutionConfigurationPlatforms) = preSolution
		Debug|Any CPU = Debug|Any CPU
		Release|Any CPU = Release|Any CPU
	EndGlobalSection
	GlobalSection(ProjectConfigurationPlatforms) = postSolution
		{B992626C-7BA1-4B03-B4CD-63D073434108}.Debug|Any CPU.ActiveCfg = Debug|Any CPU
		{B992626C-7BA1-4B03-B4CD-63D073434108}.Debug|Any CPU.Build.0 = Debug|Any CPU
		{B992626C-7BA1-4B03-B4CD-63D073434108}.Release|Any CPU.ActiveCfg = Release|Any CPU
		{B992626C-7BA1-4B03-B4CD-63D073434108}.Release|Any CPU.Build.0 = Release|Any CPU
	EndGlobalSection
	GlobalSection(SolutionProperties) = preSolution
		HideSolutionNode = FALSE
	EndGlobalSection
	GlobalSection(ExtensibilityGlobals) = postSolution
		SolutionGuid = {C3F2E3E0-63F0-4938-8202-FAE1116CF9EA}
	EndGlobalSection
EndGlobal
